
Microsoft Visual Studio Solution File, Format Version 12.00
# Visual Studio Version 16
VisualStudioVersion = 16.0.31313.79
MinimumVisualStudioVersion = 10.0.40219.1
Project("{FAE04EC0-301F-11D3-BF4B-00C04F79EFBC}") = "SqlLite", "SqlLite.csproj", "{F55705FC-74E4-4B0E-9BE7-50FDE1C7B340}"
EndProject
Global
	GlobalSection(SolutionConfigurationPlatforms) = preSolution
		Debug|Any CPU = Debug|Any CPU
		Release|Any CPU = Release|Any CPU
	EndGlobalSection
	GlobalSection(ProjectConfigurationPlatforms) = postSolution
		{F55705FC-74E4-4B0E-9BE7-50FDE1C7B340}.Debug|Any CPU.ActiveCfg = Debug|Any CPU
		{F55705FC-74E4-4B0E-9BE7-50FDE1C7B340}.Debug|Any CPU.Build.0 = Debug|Any CPU
		{F55705FC-74E4-4B0E-9BE7-50FDE1C7B340}.Release|Any CPU.ActiveCfg = Release|Any CPU
		{F55705FC-74E4-4B0E-9BE7-50FDE1C7B340}.Release|Any CPU.Build.0 = Release|Any CPU
	EndGlobalSection
	GlobalSection(SolutionProperties) = preSolution
		HideSolutionNode = FALSE
	EndGlobalSection
	GlobalSection(ExtensibilityGlobals) = postSolution
		SolutionGuid = {6A9BBD9A-30A9-47B2-8999-CDC35FC4D5FD}
	EndGlobalSection
EndGlobal
